{
  "name": "laravel-media",
  "lockfileVersion": 3,
  "requires": true,
  "packages": {
    "": {
      "devDependencies": {
        "livewire-sortable": "^1.0.0"
      }
    },
    "node_modules/livewire-sortable": {
      "version": "1.0.0",
      "resolved": "https://registry.npmjs.org/livewire-sortable/-/livewire-sortable-1.0.0.tgz",
      "integrity": "sha512-1R9go5q1kEo4nWPmiMELyC7IHPKUZA5Bz5mgTJgqy1c4uu/xqnxRV01yAfnXnzTqspiLekfPO5l2EgOd2VdqQA==",
      "dev": true,
      "license": "MIT"
    }
  }
}
